
Microsoft Visual Studio Solution File, Format Version 12.00
# Visual Studio Version 17
VisualStudioVersion = 17.8.34525.116
MinimumVisualStudioVersion = 10.0.40219.1
Project("{FAE04EC0-301F-11D3-BF4B-00C04F79EFBC}") = "Brave new world", "Brave new world\Brave new world.csproj", "{406D1913-4052-4DA2-BF80-3F65F96EFD2E}"
EndProject
Global
	GlobalSection(SolutionConfigurationPlatforms) = preSolution
		Debug|Any CPU = Debug|Any CPU
		Release|Any CPU = Release|Any CPU
	EndGlobalSection
	GlobalSection(ProjectConfigurationPlatforms) = postSolution
		{406D1913-4052-4DA2-BF80-3F65F96EFD2E}.Debug|Any CPU.ActiveCfg = Debug|Any CPU
		{406D1913-4052-4DA2-BF80-3F65F96EFD2E}.Debug|Any CPU.Build.0 = Debug|Any CPU
		{406D1913-4052-4DA2-BF80-3F65F96EFD2E}.Release|Any CPU.ActiveCfg = Release|Any CPU
		{406D1913-4052-4DA2-BF80-3F65F96EFD2E}.Release|Any CPU.Build.0 = Release|Any CPU
	EndGlobalSection
	GlobalSection(SolutionProperties) = preSolution
		HideSolutionNode = FALSE
	EndGlobalSection
	GlobalSection(ExtensibilityGlobals) = postSolution
		SolutionGuid = {230F39D3-455E-49F5-851D-0DFCCAE0DC4F}
	EndGlobalSection
EndGlobal
